{
  "requires": true,
  "lockfileVersion": 1,
  "dependencies": {
    "fastest-validator": {
      "version": "1.0.0",
      "resolved": "https://registry.npmjs.org/fastest-validator/-/fastest-validator-1.0.0.tgz",
      "integrity": "sha512-IWgpsKOIQ27WTNGvpm9qasTeuM/tFeYOtqfxmet3QdsrRiJjZfYxrmYDrZ0TPOVgF1cGKYoDxdl928woZHa8cg=="
    },
    "http-status-codes": {
      "version": "1.4.0",
      "resolved": "https://registry.npmjs.org/http-status-codes/-/http-status-codes-1.4.0.tgz",
      "integrity": "sha512-JrT3ua+WgH8zBD3HEJYbeEgnuQaAnUeRRko/YojPAJjGmIfGD3KPU/asLdsLwKjfxOmQe5nXMQ0pt/7MyapVbQ=="
    }
  }
}
